
Microsoft Visual Studio Solution File, Format Version 12.00
# Visual Studio 14
VisualStudioVersion = 14.0.23107.0
MinimumVisualStudioVersion = 10.0.40219.1
Project("{8BC9CEB8-8B4A-11D0-8D11-00A0C91BC942}") = "3. Longest Substring Without Repeating Characters", "3. Longest Substring Without Repeating Characters\3. Longest Substring Without Repeating Characters.vcxproj", "{4856035A-0FD0-4EFE-AC05-E97820AB0739}"
EndProject
Project("{8BC9CEB8-8B4A-11D0-8D11-00A0C91BC942}") = "3.1 Longest Common Substring", "3.1 Longest Common Substring\3.1 Longest Common Substring.vcxproj", "{F7BB7378-652C-4A7E-9ADB-8CC5C3A8C2B5}"
EndProject
Project("{8BC9CEB8-8B4A-11D0-8D11-00A0C91BC942}") = "5. Longest Palindromic Substring", "5. Longest Palindromic Substring\5. Longest Palindromic Substring.vcxproj", "{C4619D7F-3AB9-4D0C-B132-F2A9FD62F36C}"
EndProject
Project("{8BC9CEB8-8B4A-11D0-8D11-00A0C91BC942}") = "7. Reverse Integer", "7. Reverse Integer\7. Reverse Integer.vcxproj", "{1C4C0DE9-0333-4B33-B34B-2D58DAE24AC7}"
EndProject
Project("{8BC9CEB8-8B4A-11D0-8D11-00A0C91BC942}") = "8. String to Integer (atoi)", "8. String to Integer (atoi)\8. String to Integer (atoi).vcxproj", "{2ECFE010-1D89-4E77-8C30-16C7A2A29355}"
EndProject
Project("{8BC9CEB8-8B4A-11D0-8D11-00A0C91BC942}") = "11. Container With Most Water", "11. Container With Most Water\11. Container With Most Water.vcxproj", "{653B0760-D124-49D4-951D-B3BF9FE94C51}"
EndProject
Project("{8BC9CEB8-8B4A-11D0-8D11-00A0C91BC942}") = "13. Roman to Integer", "13. Roman to Integer\13. Roman to Integer.vcxproj", "{3374135E-84C2-4804-AC13-068A5EEFA001}"
EndProject
Project("{8BC9CEB8-8B4A-11D0-8D11-00A0C91BC942}") = "14. Longest Common Prefix", "14. Longest Common Prefix\14. Longest Common Prefix.vcxproj", "{4D01C170-6EBF-4754-AA3B-881FBDA649E8}"
EndProject
Project("{8BC9CEB8-8B4A-11D0-8D11-00A0C91BC942}") = "15. 3Sum", "15. 3Sum\15. 3Sum.vcxproj", "{48EEF66A-FF39-4BED-B672-D6299D8DD2B9}"
EndProject
Project("{8BC9CEB8-8B4A-11D0-8D11-00A0C91BC942}") = "17. Letter Combinations of a Phone Number", "17. Letter Combinations of a Phone Number\17. Letter Combinations of a Phone Number.vcxproj", "{C764988D-3C05-47B7-91BA-36DC7FA7631B}"
EndProject
Project("{8BC9CEB8-8B4A-11D0-8D11-00A0C91BC942}") = "19. Remove Nth Node From End of List", "19. Remove Nth Node From End of List\19. Remove Nth Node From End of List.vcxproj", "{14EB0C2C-4266-4B19-83AB-9D483C8FF51F}"
EndProject
Project("{8BC9CEB8-8B4A-11D0-8D11-00A0C91BC942}") = "20. Valid Parentheses", "20. Valid Parentheses\20. Valid Parentheses.vcxproj", "{4D707D3B-0386-49D7-8DE9-949EF0029CE5}"
EndProject
Project("{8BC9CEB8-8B4A-11D0-8D11-00A0C91BC942}") = "21. Merge Two Sorted Lists", "21. Merge Two Sorted Lists\21. Merge Two Sorted Lists.vcxproj", "{F3829678-2984-431F-AC5B-1D738FC22BE9}"
EndProject
Project("{8BC9CEB8-8B4A-11D0-8D11-00A0C91BC942}") = "22. Generate Parentheses", "22. Generate Parentheses\22. Generate Parentheses.vcxproj", "{DB55D392-9B89-4AC9-BE46-5E97A2947A90}"
EndProject
Project("{8BC9CEB8-8B4A-11D0-8D11-00A0C91BC942}") = "26. Remove Duplicates from Sorted Array", "26. Remove Duplicates from Sorted Array\26. Remove Duplicates from Sorted Array.vcxproj", "{22315CA9-A443-42B5-A646-6563E07B0247}"
EndProject
Project("{8BC9CEB8-8B4A-11D0-8D11-00A0C91BC942}") = "28. Implement strStr()", "28. Implement strStr()\28. Implement strStr().vcxproj", "{BD12D173-DA14-431D-B808-A24D4E73DF8F}"
EndProject
Project("{8BC9CEB8-8B4A-11D0-8D11-00A0C91BC942}") = "29. Divide Two Integers", "29. Divide Two Integers\29. Divide Two Integers.vcxproj", "{DA451A55-C599-47C8-B688-E2A241D22C5C}"
EndProject
Project("{8BC9CEB8-8B4A-11D0-8D11-00A0C91BC942}") = "31. Next Permutation", "31. Next Permutation\31. Next Permutation.vcxproj", "{122F3FF0-64E6-44DA-AF42-AFEA626E635C}"
EndProject
Project("{8BC9CEB8-8B4A-11D0-8D11-00A0C91BC942}") = "33. Search in Rotated Sorted Array", "33. Search in Rotated Sorted Array\33. Search in Rotated Sorted Array.vcxproj", "{C4CB7ACE-682B-4BFA-90A4-F4C70F6FC4AA}"
EndProject
Project("{8BC9CEB8-8B4A-11D0-8D11-00A0C91BC942}") = "34. Find First and Last Position of Element in", "34. Find First and Last Position of Element in\34. Find First and Last Position of Element in.vcxproj", "{A38F2822-96E1-407F-8A11-456D0CDD3184}"
EndProject
Project("{8BC9CEB8-8B4A-11D0-8D11-00A0C91BC942}") = "35. Search Insert Position", "35. Search Insert Position\35. Search Insert Position.vcxproj", "{9FCB0A34-90C6-4CEC-AF8D-A7B6E296F4B2}"
EndProject
Project("{8BC9CEB8-8B4A-11D0-8D11-00A0C91BC942}") = "36. Valid Sudoku", "36. Valid Sudoku\36. Valid Sudoku.vcxproj", "{748DB2A4-AF4D-4000-A5DA-8EC874F51C24}"
EndProject
Project("{8BC9CEB8-8B4A-11D0-8D11-00A0C91BC942}") = "38. Count and Say", "38. Count and Say\38. Count and Say.vcxproj", "{E7B21B7A-3E79-448D-8AB2-E899767AF180}"
EndProject
Project("{8BC9CEB8-8B4A-11D0-8D11-00A0C91BC942}") = "46. Permutations", "46. Permutations\46. Permutations.vcxproj", "{AA0AF8CA-123C-42FE-B88B-35B50A897BBE}"
EndProject
Project("{8BC9CEB8-8B4A-11D0-8D11-00A0C91BC942}") = "48. Rotate Image", "48. Rotate Image\48. Rotate Image.vcxproj", "{4751D523-FFBA-4DE2-A418-26FE55898373}"
EndProject
Project("{8BC9CEB8-8B4A-11D0-8D11-00A0C91BC942}") = "49. Group Anagrams", "49. Group Anagrams\49. Group Anagrams.vcxproj", "{26414977-AC8B-4023-92F3-EAE6E170665A}"
EndProject
Project("{8BC9CEB8-8B4A-11D0-8D11-00A0C91BC942}") = "50. Pow(x, n)", "50. Pow(x, n)\50. Pow(x, n).vcxproj", "{2DD129F7-75F1-4608-BADE-2CD575BB23E5}"
EndProject
Project("{8BC9CEB8-8B4A-11D0-8D11-00A0C91BC942}") = "53. Maximum Subarray", "53. Maximum Subarray\53. Maximum Subarray.vcxproj", "{549D5E21-B1A3-48DE-9019-2DF2D207B7D9}"
EndProject
Global
	GlobalSection(SolutionConfigurationPlatforms) = preSolution
		Debug|x64 = Debug|x64
		Debug|x86 = Debug|x86
		Release|x64 = Release|x64
		Release|x86 = Release|x86
	EndGlobalSection
	GlobalSection(ProjectConfigurationPlatforms) = postSolution
		{4856035A-0FD0-4EFE-AC05-E97820AB0739}.Debug|x64.ActiveCfg = Debug|x64
		{4856035A-0FD0-4EFE-AC05-E97820AB0739}.Debug|x64.Build.0 = Debug|x64
		{4856035A-0FD0-4EFE-AC05-E97820AB0739}.Debug|x86.ActiveCfg = Debug|Win32
		{4856035A-0FD0-4EFE-AC05-E97820AB0739}.Debug|x86.Build.0 = Debug|Win32
		{4856035A-0FD0-4EFE-AC05-E97820AB0739}.Release|x64.ActiveCfg = Release|x64
		{4856035A-0FD0-4EFE-AC05-E97820AB0739}.Release|x64.Build.0 = Release|x64
		{4856035A-0FD0-4EFE-AC05-E97820AB0739}.Release|x86.ActiveCfg = Release|Win32
		{4856035A-0FD0-4EFE-AC05-E97820AB0739}.Release|x86.Build.0 = Release|Win32
		{F7BB7378-652C-4A7E-9ADB-8CC5C3A8C2B5}.Debug|x64.ActiveCfg = Debug|x64
		{F7BB7378-652C-4A7E-9ADB-8CC5C3A8C2B5}.Debug|x64.Build.0 = Debug|x64
		{F7BB7378-652C-4A7E-9ADB-8CC5C3A8C2B5}.Debug|x86.ActiveCfg = Debug|Win32
		{F7BB7378-652C-4A7E-9ADB-8CC5C3A8C2B5}.Debug|x86.Build.0 = Debug|Win32
		{F7BB7378-652C-4A7E-9ADB-8CC5C3A8C2B5}.Release|x64.ActiveCfg = Release|x64
		{F7BB7378-652C-4A7E-9ADB-8CC5C3A8C2B5}.Release|x64.Build.0 = Release|x64
		{F7BB7378-652C-4A7E-9ADB-8CC5C3A8C2B5}.Release|x86.ActiveCfg = Release|Win32
		{F7BB7378-652C-4A7E-9ADB-8CC5C3A8C2B5}.Release|x86.Build.0 = Release|Win32
		{C4619D7F-3AB9-4D0C-B132-F2A9FD62F36C}.Debug|x64.ActiveCfg = Debug|x64
		{C4619D7F-3AB9-4D0C-B132-F2A9FD62F36C}.Debug|x64.Build.0 = Debug|x64
		{C4619D7F-3AB9-4D0C-B132-F2A9FD62F36C}.Debug|x86.ActiveCfg = Debug|Win32
		{C4619D7F-3AB9-4D0C-B132-F2A9FD62F36C}.Debug|x86.Build.0 = Debug|Win32
		{C4619D7F-3AB9-4D0C-B132-F2A9FD62F36C}.Release|x64.ActiveCfg = Release|x64
		{C4619D7F-3AB9-4D0C-B132-F2A9FD62F36C}.Release|x64.Build.0 = Release|x64
		{C4619D7F-3AB9-4D0C-B132-F2A9FD62F36C}.Release|x86.ActiveCfg = Release|Win32
		{C4619D7F-3AB9-4D0C-B132-F2A9FD62F36C}.Release|x86.Build.0 = Release|Win32
		{1C4C0DE9-0333-4B33-B34B-2D58DAE24AC7}.Debug|x64.ActiveCfg = Debug|x64
		{1C4C0DE9-0333-4B33-B34B-2D58DAE24AC7}.Debug|x64.Build.0 = Debug|x64
		{1C4C0DE9-0333-4B33-B34B-2D58DAE24AC7}.Debug|x86.ActiveCfg = Debug|Win32
		{1C4C0DE9-0333-4B33-B34B-2D58DAE24AC7}.Debug|x86.Build.0 = Debug|Win32
		{1C4C0DE9-0333-4B33-B34B-2D58DAE24AC7}.Release|x64.ActiveCfg = Release|x64
		{1C4C0DE9-0333-4B33-B34B-2D58DAE24AC7}.Release|x64.Build.0 = Release|x64
		{1C4C0DE9-0333-4B33-B34B-2D58DAE24AC7}.Release|x86.ActiveCfg = Release|Win32
		{1C4C0DE9-0333-4B33-B34B-2D58DAE24AC7}.Release|x86.Build.0 = Release|Win32
		{2ECFE010-1D89-4E77-8C30-16C7A2A29355}.Debug|x64.ActiveCfg = Debug|x64
		{2ECFE010-1D89-4E77-8C30-16C7A2A29355}.Debug|x64.Build.0 = Debug|x64
		{2ECFE010-1D89-4E77-8C30-16C7A2A29355}.Debug|x86.ActiveCfg = Debug|Win32
		{2ECFE010-1D89-4E77-8C30-16C7A2A29355}.Debug|x86.Build.0 = Debug|Win32
		{2ECFE010-1D89-4E77-8C30-16C7A2A29355}.Release|x64.ActiveCfg = Release|x64
		{2ECFE010-1D89-4E77-8C30-16C7A2A29355}.Release|x64.Build.0 = Release|x64
		{2ECFE010-1D89-4E77-8C30-16C7A2A29355}.Release|x86.ActiveCfg = Release|Win32
		{2ECFE010-1D89-4E77-8C30-16C7A2A29355}.Release|x86.Build.0 = Release|Win32
		{653B0760-D124-49D4-951D-B3BF9FE94C51}.Debug|x64.ActiveCfg = Debug|x64
		{653B0760-D124-49D4-951D-B3BF9FE94C51}.Debug|x64.Build.0 = Debug|x64
		{653B0760-D124-49D4-951D-B3BF9FE94C51}.Debug|x86.ActiveCfg = Debug|Win32
		{653B0760-D124-49D4-951D-B3BF9FE94C51}.Debug|x86.Build.0 = Debug|Win32
		{653B0760-D124-49D4-951D-B3BF9FE94C51}.Release|x64.ActiveCfg = Release|x64
		{653B0760-D124-49D4-951D-B3BF9FE94C51}.Release|x64.Build.0 = Release|x64
		{653B0760-D124-49D4-951D-B3BF9FE94C51}.Release|x86.ActiveCfg = Release|Win32
		{653B0760-D124-49D4-951D-B3BF9FE94C51}.Release|x86.Build.0 = Release|Win32
		{3374135E-84C2-4804-AC13-068A5EEFA001}.Debug|x64.ActiveCfg = Debug|x64
		{3374135E-84C2-4804-AC13-068A5EEFA001}.Debug|x64.Build.0 = Debug|x64
		{3374135E-84C2-4804-AC13-068A5EEFA001}.Debug|x86.ActiveCfg = Debug|Win32
		{3374135E-84C2-4804-AC13-068A5EEFA001}.Debug|x86.Build.0 = Debug|Win32
		{3374135E-84C2-4804-AC13-068A5EEFA001}.Release|x64.ActiveCfg = Release|x64
		{3374135E-84C2-4804-AC13-068A5EEFA001}.Release|x64.Build.0 = Release|x64
		{3374135E-84C2-4804-AC13-068A5EEFA001}.Release|x86.ActiveCfg = Release|Win32
		{3374135E-84C2-4804-AC13-068A5EEFA001}.Release|x86.Build.0 = Release|Win32
		{4D01C170-6EBF-4754-AA3B-881FBDA649E8}.Debug|x64.ActiveCfg = Debug|x64
		{4D01C170-6EBF-4754-AA3B-881FBDA649E8}.Debug|x64.Build.0 = Debug|x64
		{4D01C170-6EBF-4754-AA3B-881FBDA649E8}.Debug|x86.ActiveCfg = Debug|Win32
		{4D01C170-6EBF-4754-AA3B-881FBDA649E8}.Debug|x86.Build.0 = Debug|Win32
		{4D01C170-6EBF-4754-AA3B-881FBDA649E8}.Release|x64.ActiveCfg = Release|x64
		{4D01C170-6EBF-4754-AA3B-881FBDA649E8}.Release|x64.Build.0 = Release|x64
		{4D01C170-6EBF-4754-AA3B-881FBDA649E8}.Release|x86.ActiveCfg = Release|Win32
		{4D01C170-6EBF-4754-AA3B-881FBDA649E8}.Release|x86.Build.0 = Release|Win32
		{48EEF66A-FF39-4BED-B672-D6299D8DD2B9}.Debug|x64.ActiveCfg = Debug|x64
		{48EEF66A-FF39-4BED-B672-D6299D8DD2B9}.Debug|x64.Build.0 = Debug|x64
		{48EEF66A-FF39-4BED-B672-D6299D8DD2B9}.Debug|x86.ActiveCfg = Debug|Win32
		{48EEF66A-FF39-4BED-B672-D6299D8DD2B9}.Debug|x86.Build.0 = Debug|Win32
		{48EEF66A-FF39-4BED-B672-D6299D8DD2B9}.Release|x64.ActiveCfg = Release|x64
		{48EEF66A-FF39-4BED-B672-D6299D8DD2B9}.Release|x64.Build.0 = Release|x64
		{48EEF66A-FF39-4BED-B672-D6299D8DD2B9}.Release|x86.ActiveCfg = Release|Win32
		{48EEF66A-FF39-4BED-B672-D6299D8DD2B9}.Release|x86.Build.0 = Release|Win32
		{C764988D-3C05-47B7-91BA-36DC7FA7631B}.Debug|x64.ActiveCfg = Debug|x64
		{C764988D-3C05-47B7-91BA-36DC7FA7631B}.Debug|x64.Build.0 = Debug|x64
		{C764988D-3C05-47B7-91BA-36DC7FA7631B}.Debug|x86.ActiveCfg = Debug|Win32
		{C764988D-3C05-47B7-91BA-36DC7FA7631B}.Debug|x86.Build.0 = Debug|Win32
		{C764988D-3C05-47B7-91BA-36DC7FA7631B}.Release|x64.ActiveCfg = Release|x64
		{C764988D-3C05-47B7-91BA-36DC7FA7631B}.Release|x64.Build.0 = Release|x64
		{C764988D-3C05-47B7-91BA-36DC7FA7631B}.Release|x86.ActiveCfg = Release|Win32
		{C764988D-3C05-47B7-91BA-36DC7FA7631B}.Release|x86.Build.0 = Release|Win32
		{14EB0C2C-4266-4B19-83AB-9D483C8FF51F}.Debug|x64.ActiveCfg = Debug|x64
		{14EB0C2C-4266-4B19-83AB-9D483C8FF51F}.Debug|x64.Build.0 = Debug|x64
		{14EB0C2C-4266-4B19-83AB-9D483C8FF51F}.Debug|x86.ActiveCfg = Debug|Win32
		{14EB0C2C-4266-4B19-83AB-9D483C8FF51F}.Debug|x86.Build.0 = Debug|Win32
		{14EB0C2C-4266-4B19-83AB-9D483C8FF51F}.Release|x64.ActiveCfg = Release|x64
		{14EB0C2C-4266-4B19-83AB-9D483C8FF51F}.Release|x64.Build.0 = Release|x64
		{14EB0C2C-4266-4B19-83AB-9D483C8FF51F}.Release|x86.ActiveCfg = Release|Win32
		{14EB0C2C-4266-4B19-83AB-9D483C8FF51F}.Release|x86.Build.0 = Release|Win32
		{4D707D3B-0386-49D7-8DE9-949EF0029CE5}.Debug|x64.ActiveCfg = Debug|x64
		{4D707D3B-0386-49D7-8DE9-949EF0029CE5}.Debug|x64.Build.0 = Debug|x64
		{4D707D3B-0386-49D7-8DE9-949EF0029CE5}.Debug|x86.ActiveCfg = Debug|Win32
		{4D707D3B-0386-49D7-8DE9-949EF0029CE5}.Debug|x86.Build.0 = Debug|Win32
		{4D707D3B-0386-49D7-8DE9-949EF0029CE5}.Release|x64.ActiveCfg = Release|x64
		{4D707D3B-0386-49D7-8DE9-949EF0029CE5}.Release|x64.Build.0 = Release|x64
		{4D707D3B-0386-49D7-8DE9-949EF0029CE5}.Release|x86.ActiveCfg = Release|Win32
		{4D707D3B-0386-49D7-8DE9-949EF0029CE5}.Release|x86.Build.0 = Release|Win32
		{F3829678-2984-431F-AC5B-1D738FC22BE9}.Debug|x64.ActiveCfg = Debug|x64
		{F3829678-2984-431F-AC5B-1D738FC22BE9}.Debug|x64.Build.0 = Debug|x64
		{F3829678-2984-431F-AC5B-1D738FC22BE9}.Debug|x86.ActiveCfg = Debug|Win32
		{F3829678-2984-431F-AC5B-1D738FC22BE9}.Debug|x86.Build.0 = Debug|Win32
		{F3829678-2984-431F-AC5B-1D738FC22BE9}.Release|x64.ActiveCfg = Release|x64
		{F3829678-2984-431F-AC5B-1D738FC22BE9}.Release|x64.Build.0 = Release|x64
		{F3829678-2984-431F-AC5B-1D738FC22BE9}.Release|x86.ActiveCfg = Release|Win32
		{F3829678-2984-431F-AC5B-1D738FC22BE9}.Release|x86.Build.0 = Release|Win32
		{DB55D392-9B89-4AC9-BE46-5E97A2947A90}.Debug|x64.ActiveCfg = Debug|x64
		{DB55D392-9B89-4AC9-BE46-5E97A2947A90}.Debug|x64.Build.0 = Debug|x64
		{DB55D392-9B89-4AC9-BE46-5E97A2947A90}.Debug|x86.ActiveCfg = Debug|Win32
		{DB55D392-9B89-4AC9-BE46-5E97A2947A90}.Debug|x86.Build.0 = Debug|Win32
		{DB55D392-9B89-4AC9-BE46-5E97A2947A90}.Release|x64.ActiveCfg = Release|x64
		{DB55D392-9B89-4AC9-BE46-5E97A2947A90}.Release|x64.Build.0 = Release|x64
		{DB55D392-9B89-4AC9-BE46-5E97A2947A90}.Release|x86.ActiveCfg = Release|Win32
		{DB55D392-9B89-4AC9-BE46-5E97A2947A90}.Release|x86.Build.0 = Release|Win32
		{22315CA9-A443-42B5-A646-6563E07B0247}.Debug|x64.ActiveCfg = Debug|x64
		{22315CA9-A443-42B5-A646-6563E07B0247}.Debug|x64.Build.0 = Debug|x64
		{22315CA9-A443-42B5-A646-6563E07B0247}.Debug|x86.ActiveCfg = Debug|Win32
		{22315CA9-A443-42B5-A646-6563E07B0247}.Debug|x86.Build.0 = Debug|Win32
		{22315CA9-A443-42B5-A646-6563E07B0247}.Release|x64.ActiveCfg = Release|x64
		{22315CA9-A443-42B5-A646-6563E07B0247}.Release|x64.Build.0 = Release|x64
		{22315CA9-A443-42B5-A646-6563E07B0247}.Release|x86.ActiveCfg = Release|Win32
		{22315CA9-A443-42B5-A646-6563E07B0247}.Release|x86.Build.0 = Release|Win32
		{BD12D173-DA14-431D-B808-A24D4E73DF8F}.Debug|x64.ActiveCfg = Debug|x64
		{BD12D173-DA14-431D-B808-A24D4E73DF8F}.Debug|x64.Build.0 = Debug|x64
		{BD12D173-DA14-431D-B808-A24D4E73DF8F}.Debug|x86.ActiveCfg = Debug|Win32
		{BD12D173-DA14-431D-B808-A24D4E73DF8F}.Debug|x86.Build.0 = Debug|Win32
		{BD12D173-DA14-431D-B808-A24D4E73DF8F}.Release|x64.ActiveCfg = Release|x64
		{BD12D173-DA14-431D-B808-A24D4E73DF8F}.Release|x64.Build.0 = Release|x64
		{BD12D173-DA14-431D-B808-A24D4E73DF8F}.Release|x86.ActiveCfg = Release|Win32
		{BD12D173-DA14-431D-B808-A24D4E73DF8F}.Release|x86.Build.0 = Release|Win32
		{DA451A55-C599-47C8-B688-E2A241D22C5C}.Debug|x64.ActiveCfg = Debug|x64
		{DA451A55-C599-47C8-B688-E2A241D22C5C}.Debug|x64.Build.0 = Debug|x64
		{DA451A55-C599-47C8-B688-E2A241D22C5C}.Debug|x86.ActiveCfg = Debug|Win32
		{DA451A55-C599-47C8-B688-E2A241D22C5C}.Debug|x86.Build.0 = Debug|Win32
		{DA451A55-C599-47C8-B688-E2A241D22C5C}.Release|x64.ActiveCfg = Release|x64
		{DA451A55-C599-47C8-B688-E2A241D22C5C}.Release|x64.Build.0 = Release|x64
		{DA451A55-C599-47C8-B688-E2A241D22C5C}.Release|x86.ActiveCfg = Release|Win32
		{DA451A55-C599-47C8-B688-E2A241D22C5C}.Release|x86.Build.0 = Release|Win32
		{122F3FF0-64E6-44DA-AF42-AFEA626E635C}.Debug|x64.ActiveCfg = Debug|x64
		{122F3FF0-64E6-44DA-AF42-AFEA626E635C}.Debug|x64.Build.0 = Debug|x64
		{122F3FF0-64E6-44DA-AF42-AFEA626E635C}.Debug|x86.ActiveCfg = Debug|Win32
		{122F3FF0-64E6-44DA-AF42-AFEA626E635C}.Debug|x86.Build.0 = Debug|Win32
		{122F3FF0-64E6-44DA-AF42-AFEA626E635C}.Release|x64.ActiveCfg = Release|x64
		{122F3FF0-64E6-44DA-AF42-AFEA626E635C}.Release|x64.Build.0 = Release|x64
		{122F3FF0-64E6-44DA-AF42-AFEA626E635C}.Release|x86.ActiveCfg = Release|Win32
		{122F3FF0-64E6-44DA-AF42-AFEA626E635C}.Release|x86.Build.0 = Release|Win32
		{C4CB7ACE-682B-4BFA-90A4-F4C70F6FC4AA}.Debug|x64.ActiveCfg = Debug|x64
		{C4CB7ACE-682B-4BFA-90A4-F4C70F6FC4AA}.Debug|x64.Build.0 = Debug|x64
		{C4CB7ACE-682B-4BFA-90A4-F4C70F6FC4AA}.Debug|x86.ActiveCfg = Debug|Win32
		{C4CB7ACE-682B-4BFA-90A4-F4C70F6FC4AA}.Debug|x86.Build.0 = Debug|Win32
		{C4CB7ACE-682B-4BFA-90A4-F4C70F6FC4AA}.Release|x64.ActiveCfg = Release|x64
		{C4CB7ACE-682B-4BFA-90A4-F4C70F6FC4AA}.Release|x64.Build.0 = Release|x64
		{C4CB7ACE-682B-4BFA-90A4-F4C70F6FC4AA}.Release|x86.ActiveCfg = Release|Win32
		{C4CB7ACE-682B-4BFA-90A4-F4C70F6FC4AA}.Release|x86.Build.0 = Release|Win32
		{A38F2822-96E1-407F-8A11-456D0CDD3184}.Debug|x64.ActiveCfg = Debug|x64
		{A38F2822-96E1-407F-8A11-456D0CDD3184}.Debug|x64.Build.0 = Debug|x64
		{A38F2822-96E1-407F-8A11-456D0CDD3184}.Debug|x86.ActiveCfg = Debug|Win32
		{A38F2822-96E1-407F-8A11-456D0CDD3184}.Debug|x86.Build.0 = Debug|Win32
		{A38F2822-96E1-407F-8A11-456D0CDD3184}.Release|x64.ActiveCfg = Release|x64
		{A38F2822-96E1-407F-8A11-456D0CDD3184}.Release|x64.Build.0 = Release|x64
		{A38F2822-96E1-407F-8A11-456D0CDD3184}.Release|x86.ActiveCfg = Release|Win32
		{A38F2822-96E1-407F-8A11-456D0CDD3184}.Release|x86.Build.0 = Release|Win32
		{9FCB0A34-90C6-4CEC-AF8D-A7B6E296F4B2}.Debug|x64.ActiveCfg = Debug|x64
		{9FCB0A34-90C6-4CEC-AF8D-A7B6E296F4B2}.Debug|x64.Build.0 = Debug|x64
		{9FCB0A34-90C6-4CEC-AF8D-A7B6E296F4B2}.Debug|x86.ActiveCfg = Debug|Win32
		{9FCB0A34-90C6-4CEC-AF8D-A7B6E296F4B2}.Debug|x86.Build.0 = Debug|Win32
		{9FCB0A34-90C6-4CEC-AF8D-A7B6E296F4B2}.Release|x64.ActiveCfg = Release|x64
		{9FCB0A34-90C6-4CEC-AF8D-A7B6E296F4B2}.Release|x64.Build.0 = Release|x64
		{9FCB0A34-90C6-4CEC-AF8D-A7B6E296F4B2}.Release|x86.ActiveCfg = Release|Win32
		{9FCB0A34-90C6-4CEC-AF8D-A7B6E296F4B2}.Release|x86.Build.0 = Release|Win32
		{748DB2A4-AF4D-4000-A5DA-8EC874F51C24}.Debug|x64.ActiveCfg = Debug|x64
		{748DB2A4-AF4D-4000-A5DA-8EC874F51C24}.Debug|x64.Build.0 = Debug|x64
		{748DB2A4-AF4D-4000-A5DA-8EC874F51C24}.Debug|x86.ActiveCfg = Debug|Win32
		{748DB2A4-AF4D-4000-A5DA-8EC874F51C24}.Debug|x86.Build.0 = Debug|Win32
		{748DB2A4-AF4D-4000-A5DA-8EC874F51C24}.Release|x64.ActiveCfg = Release|x64
		{748DB2A4-AF4D-4000-A5DA-8EC874F51C24}.Release|x64.Build.0 = Release|x64
		{748DB2A4-AF4D-4000-A5DA-8EC874F51C24}.Release|x86.ActiveCfg = Release|Win32
		{748DB2A4-AF4D-4000-A5DA-8EC874F51C24}.Release|x86.Build.0 = Release|Win32
		{E7B21B7A-3E79-448D-8AB2-E899767AF180}.Debug|x64.ActiveCfg = Debug|x64
		{E7B21B7A-3E79-448D-8AB2-E899767AF180}.Debug|x64.Build.0 = Debug|x64
		{E7B21B7A-3E79-448D-8AB2-E899767AF180}.Debug|x86.ActiveCfg = Debug|Win32
		{E7B21B7A-3E79-448D-8AB2-E899767AF180}.Debug|x86.Build.0 = Debug|Win32
		{E7B21B7A-3E79-448D-8AB2-E899767AF180}.Release|x64.ActiveCfg = Release|x64
		{E7B21B7A-3E79-448D-8AB2-E899767AF180}.Release|x64.Build.0 = Release|x64
		{E7B21B7A-3E79-448D-8AB2-E899767AF180}.Release|x86.ActiveCfg = Release|Win32
		{E7B21B7A-3E79-448D-8AB2-E899767AF180}.Release|x86.Build.0 = Release|Win32
		{AA0AF8CA-123C-42FE-B88B-35B50A897BBE}.Debug|x64.ActiveCfg = Debug|x64
		{AA0AF8CA-123C-42FE-B88B-35B50A897BBE}.Debug|x64.Build.0 = Debug|x64
		{AA0AF8CA-123C-42FE-B88B-35B50A897BBE}.Debug|x86.ActiveCfg = Debug|Win32
		{AA0AF8CA-123C-42FE-B88B-35B50A897BBE}.Debug|x86.Build.0 = Debug|Win32
		{AA0AF8CA-123C-42FE-B88B-35B50A897BBE}.Release|x64.ActiveCfg = Release|x64
		{AA0AF8CA-123C-42FE-B88B-35B50A897BBE}.Release|x64.Build.0 = Release|x64
		{AA0AF8CA-123C-42FE-B88B-35B50A897BBE}.Release|x86.ActiveCfg = Release|Win32
		{AA0AF8CA-123C-42FE-B88B-35B50A897BBE}.Release|x86.Build.0 = Release|Win32
		{4751D523-FFBA-4DE2-A418-26FE55898373}.Debug|x64.ActiveCfg = Debug|x64
		{4751D523-FFBA-4DE2-A418-26FE55898373}.Debug|x64.Build.0 = Debug|x64
		{4751D523-FFBA-4DE2-A418-26FE55898373}.Debug|x86.ActiveCfg = Debug|Win32
		{4751D523-FFBA-4DE2-A418-26FE55898373}.Debug|x86.Build.0 = Debug|Win32
		{4751D523-FFBA-4DE2-A418-26FE55898373}.Release|x64.ActiveCfg = Release|x64
		{4751D523-FFBA-4DE2-A418-26FE55898373}.Release|x64.Build.0 = Release|x64
		{4751D523-FFBA-4DE2-A418-26FE55898373}.Release|x86.ActiveCfg = Release|Win32
		{4751D523-FFBA-4DE2-A418-26FE55898373}.Release|x86.Build.0 = Release|Win32
		{26414977-AC8B-4023-92F3-EAE6E170665A}.Debug|x64.ActiveCfg = Debug|x64
		{26414977-AC8B-4023-92F3-EAE6E170665A}.Debug|x64.Build.0 = Debug|x64
		{26414977-AC8B-4023-92F3-EAE6E170665A}.Debug|x86.ActiveCfg = Debug|Win32
		{26414977-AC8B-4023-92F3-EAE6E170665A}.Debug|x86.Build.0 = Debug|Win32
		{26414977-AC8B-4023-92F3-EAE6E170665A}.Release|x64.ActiveCfg = Release|x64
		{26414977-AC8B-4023-92F3-EAE6E170665A}.Release|x64.Build.0 = Release|x64
		{26414977-AC8B-4023-92F3-EAE6E170665A}.Release|x86.ActiveCfg = Release|Win32
		{26414977-AC8B-4023-92F3-EAE6E170665A}.Release|x86.Build.0 = Release|Win32
		{2DD129F7-75F1-4608-BADE-2CD575BB23E5}.Debug|x64.ActiveCfg = Debug|x64
		{2DD129F7-75F1-4608-BADE-2CD575BB23E5}.Debug|x64.Build.0 = Debug|x64
		{2DD129F7-75F1-4608-BADE-2CD575BB23E5}.Debug|x86.ActiveCfg = Debug|Win32
		{2DD129F7-75F1-4608-BADE-2CD575BB23E5}.Debug|x86.Build.0 = Debug|Win32
		{2DD129F7-75F1-4608-BADE-2CD575BB23E5}.Release|x64.ActiveCfg = Release|x64
		{2DD129F7-75F1-4608-BADE-2CD575BB23E5}.Release|x64.Build.0 = Release|x64
		{2DD129F7-75F1-4608-BADE-2CD575BB23E5}.Release|x86.ActiveCfg = Release|Win32
		{2DD129F7-75F1-4608-BADE-2CD575BB23E5}.Release|x86.Build.0 = Release|Win32
		{549D5E21-B1A3-48DE-9019-2DF2D207B7D9}.Debug|x64.ActiveCfg = Debug|x64
		{549D5E21-B1A3-48DE-9019-2DF2D207B7D9}.Debug|x64.Build.0 = Debug|x64
		{549D5E21-B1A3-48DE-9019-2DF2D207B7D9}.Debug|x86.ActiveCfg = Debug|Win32
		{549D5E21-B1A3-48DE-9019-2DF2D207B7D9}.Debug|x86.Build.0 = Debug|Win32
		{549D5E21-B1A3-48DE-9019-2DF2D207B7D9}.Release|x64.ActiveCfg = Release|x64
		{549D5E21-B1A3-48DE-9019-2DF2D207B7D9}.Release|x64.Build.0 = Release|x64
		{549D5E21-B1A3-48DE-9019-2DF2D207B7D9}.Release|x86.ActiveCfg = Release|Win32
		{549D5E21-B1A3-48DE-9019-2DF2D207B7D9}.Release|x86.Build.0 = Release|Win32
	EndGlobalSection
	GlobalSection(SolutionProperties) = preSolution
		HideSolutionNode = FALSE
	EndGlobalSection
EndGlobal
